
Microsoft Visual Studio Solution File, Format Version 12.00
# Visual Studio Version 16
VisualStudioVersion = 16.0.31624.102
MinimumVisualStudioVersion = 10.0.40219.1
Project("{FAE04EC0-301F-11D3-BF4B-00C04F79EFBC}") = "LabRab", "LabRab\LabRab.csproj", "{C358A687-7DCC-47AE-88BC-01B9F82001D2}"
EndProject
Global
	GlobalSection(SolutionConfigurationPlatforms) = preSolution
		Debug|Any CPU = Debug|Any CPU
		Release|Any CPU = Release|Any CPU
	EndGlobalSection
	GlobalSection(ProjectConfigurationPlatforms) = postSolution
		{C358A687-7DCC-47AE-88BC-01B9F82001D2}.Debug|Any CPU.ActiveCfg = Debug|Any CPU
		{C358A687-7DCC-47AE-88BC-01B9F82001D2}.Debug|Any CPU.Build.0 = Debug|Any CPU
		{C358A687-7DCC-47AE-88BC-01B9F82001D2}.Release|Any CPU.ActiveCfg = Release|Any CPU
		{C358A687-7DCC-47AE-88BC-01B9F82001D2}.Release|Any CPU.Build.0 = Release|Any CPU
	EndGlobalSection
	GlobalSection(SolutionProperties) = preSolution
		HideSolutionNode = FALSE
	EndGlobalSection
	GlobalSection(ExtensibilityGlobals) = postSolution
		SolutionGuid = {86C31B1A-1F14-4405-86FA-134F7F4E60B3}
	EndGlobalSection
EndGlobal
