
Microsoft Visual Studio Solution File, Format Version 12.00
# Visual Studio Version 16
VisualStudioVersion = 16.0.31624.102
MinimumVisualStudioVersion = 10.0.40219.1
Project("{FAE04EC0-301F-11D3-BF4B-00C04F79EFBC}") = "alternate3.1", "alternate3.1\alternate3.1.csproj", "{A316B40D-1982-475B-A876-00CA90CA73FE}"
EndProject
Global
	GlobalSection(SolutionConfigurationPlatforms) = preSolution
		Debug|Any CPU = Debug|Any CPU
		Release|Any CPU = Release|Any CPU
	EndGlobalSection
	GlobalSection(ProjectConfigurationPlatforms) = postSolution
		{A316B40D-1982-475B-A876-00CA90CA73FE}.Debug|Any CPU.ActiveCfg = Debug|Any CPU
		{A316B40D-1982-475B-A876-00CA90CA73FE}.Debug|Any CPU.Build.0 = Debug|Any CPU
		{A316B40D-1982-475B-A876-00CA90CA73FE}.Release|Any CPU.ActiveCfg = Release|Any CPU
		{A316B40D-1982-475B-A876-00CA90CA73FE}.Release|Any CPU.Build.0 = Release|Any CPU
	EndGlobalSection
	GlobalSection(SolutionProperties) = preSolution
		HideSolutionNode = FALSE
	EndGlobalSection
	GlobalSection(ExtensibilityGlobals) = postSolution
		SolutionGuid = {F877ECEB-50F0-4C89-B411-BA80525FE117}
	EndGlobalSection
EndGlobal
